
Microsoft Visual Studio Solution File, Format Version 12.00
# Visual Studio Version 17
VisualStudioVersion = 17.6.33723.286
MinimumVisualStudioVersion = 10.0.40219.1
Project("{FAE04EC0-301F-11D3-BF4B-00C04F79EFBC}") = "Learn_1", "Learn_1\Learn_1.csproj", "{37E003DF-E36F-44BB-84D5-0B9D373D893D}"
EndProject
Global
	GlobalSection(SolutionConfigurationPlatforms) = preSolution
		Debug|Any CPU = Debug|Any CPU
		Release|Any CPU = Release|Any CPU
	EndGlobalSection
	GlobalSection(ProjectConfigurationPlatforms) = postSolution
		{37E003DF-E36F-44BB-84D5-0B9D373D893D}.Debug|Any CPU.ActiveCfg = Debug|Any CPU
		{37E003DF-E36F-44BB-84D5-0B9D373D893D}.Debug|Any CPU.Build.0 = Debug|Any CPU
		{37E003DF-E36F-44BB-84D5-0B9D373D893D}.Release|Any CPU.ActiveCfg = Release|Any CPU
		{37E003DF-E36F-44BB-84D5-0B9D373D893D}.Release|Any CPU.Build.0 = Release|Any CPU
	EndGlobalSection
	GlobalSection(SolutionProperties) = preSolution
		HideSolutionNode = FALSE
	EndGlobalSection
	GlobalSection(ExtensibilityGlobals) = postSolution
		SolutionGuid = {9CE07ECB-BB41-4E2C-859A-E0808427B17F}
	EndGlobalSection
EndGlobal
